
Microsoft Visual Studio Solution File, Format Version 12.00
# Visual Studio Version 17
VisualStudioVersion = 17.9.34902.65
MinimumVisualStudioVersion = 10.0.40219.1
Project("{FAE04EC0-301F-11D3-BF4B-00C04F79EFBC}") = "WashingDryerApp", "WashingDryerApp\WashingDryerApp.csproj", "{2142C54A-D891-4FDC-A4AB-BC1357A7B2F8}"
EndProject
Global
	GlobalSection(SolutionConfigurationPlatforms) = preSolution
		Debug|Any CPU = Debug|Any CPU
		Release|Any CPU = Release|Any CPU
	EndGlobalSection
	GlobalSection(ProjectConfigurationPlatforms) = postSolution
		{2142C54A-D891-4FDC-A4AB-BC1357A7B2F8}.Debug|Any CPU.ActiveCfg = Debug|Any CPU
		{2142C54A-D891-4FDC-A4AB-BC1357A7B2F8}.Debug|Any CPU.Build.0 = Debug|Any CPU
		{2142C54A-D891-4FDC-A4AB-BC1357A7B2F8}.Release|Any CPU.ActiveCfg = Release|Any CPU
		{2142C54A-D891-4FDC-A4AB-BC1357A7B2F8}.Release|Any CPU.Build.0 = Release|Any CPU
	EndGlobalSection
	GlobalSection(SolutionProperties) = preSolution
		HideSolutionNode = FALSE
	EndGlobalSection
	GlobalSection(ExtensibilityGlobals) = postSolution
		SolutionGuid = {63DA323D-6278-4FB2-A903-C77197D7C8E6}
	EndGlobalSection
EndGlobal
